// !$*UTF8*$!
{
	archiveVersion = 1;
	classes = {
	};
	objectVersion = 46;
	objects = {

/* Begin PBXBuildFile section */
		4975A1081BFA9B5500DE04B8 /* AppDelegate.swift in Sources */ = {isa = PBXBuildFile; fileRef = 4975A1071BFA9B5500DE04B8 /* AppDelegate.swift */; };
		4975A10A1BFA9B5500DE04B8 /* ViewController.swift in Sources */ = {isa = PBXBuildFile; fileRef = 4975A1091BFA9B5500DE04B8 /* ViewController.swift */; };
		4975A10D1BFA9B5500DE04B8 /* Main.storyboard in Resources */ = {isa = PBXBuildFile; fileRef = 4975A10B1BFA9B5500DE04B8 /* Main.storyboard */; };
		4975A10F1BFA9B5500DE04B8 /* Images.xcassets in Resources */ = {isa = PBXBuildFile; fileRef = 4975A10E1BFA9B5500DE04B8 /* Images.xcassets */; };
		4975A1121BFA9B5500DE04B8 /* LaunchScreen.xib in Resources */ = {isa = PBXBuildFile; fileRef = 4975A1101BFA9B5500DE04B8 /* LaunchScreen.xib */; };
		4975A11E1BFA9B5500DE04B8 /* InventoryTests.swift in Sources */ = {isa = PBXBuildFile; fileRef = 4975A11D1BFA9B5500DE04B8 /* InventoryTests.swift */; };
/* End PBXBuildFile section */

/* Begin PBXContainerItemProxy section */
		4975A1181BFA9B5500DE04B8 /* PBXContainerItemProxy */ = {
			isa = PBXContainerItemProxy;
			containerPortal = 4975A0FA1BFA9B5500DE04B8 /* Project object */;
			proxyType = 1;
			remoteGlobalIDString = 4975A1011BFA9B5500DE04B8;
			remoteInfo = Inventory;
		};
/* End PBXContainerItemProxy section */

/* Begin PBXFileReference section */
		4975A1021BFA9B5500DE04B8 /* Inventory.app */ = {isa = PBXFileReference; explicitFileType = wrapper.application; includeInIndex = 0; path = Inventory.app; sourceTree = BUILT_PRODUCTS_DIR; };
		4975A1061BFA9B5500DE04B8 /* Info.plist */ = {isa = PBXFileReference; lastKnownFileType = text.plist.xml; path = Info.plist; sourceTree = "<group>"; };
		4975A1071BFA9B5500DE04B8 /* AppDelegate.swift */ = {isa = PBXFileReference; lastKnownFileType = sourcecode.swift; path = AppDelegate.swift; sourceTree = "<group>"; };
		4975A1091BFA9B5500DE04B8 /* ViewController.swift */ = {isa = PBXFileReference; lastKnownFileType = sourcecode.swift; path = ViewController.swift; sourceTree = "<group>"; };
		4975A10C1BFA9B5500DE04B8 /* Base */ = {isa = PBXFileReference; lastKnownFileType = file.storyboard; name = Base; path = Base.lproj/Main.storyboard; sourceTree = "<group>"; };
		4975A10E1BFA9B5500DE04B8 /* Images.xcassets */ = {isa = PBXFileReference; lastKnownFileType = folder.assetcatalog; path = Images.xcassets; sourceTree = "<group>"; };
		4975A1111BFA9B5500DE04B8 /* Base */ = {isa = PBXFileReference; lastKnownFileType = file.xib; name = Base; path = Base.lproj/LaunchScreen.xib; sourceTree = "<group>"; };
		4975A1171BFA9B5500DE04B8 /* InventoryTests.xctest */ = {isa = PBXFileReference; explicitFileType = wrapper.cfbundle; includeInIndex = 0; path = InventoryTests.xctest; sourceTree = BUILT_PRODUCTS_DIR; };
		4975A11C1BFA9B5500DE04B8 /* Info.plist */ = {isa = PBXFileReference; lastKnownFileType = text.plist.xml; path = Info.plist; sourceTree = "<group>"; };
		4975A11D1BFA9B5500DE04B8 /* InventoryTests.swift */ = {isa = PBXFileReference; lastKnownFileType = sourcecode.swift; path = InventoryTests.swift; sourceTree = "<group>"; };
/* End PBXFileReference section */

/* Begin PBXFrameworksBuildPhase section */
		4975A0FF1BFA9B5500DE04B8 /* Frameworks */ = {
			isa = PBXFrameworksBuildPhase;
			buildActionMask = 2147483647;
			files = (
			);
			runOnlyForDeploymentPostprocessing = 0;
		};
		4975A1141BFA9B5500DE04B8 /* Frameworks */ = {
			isa = PBXFrameworksBuildPhase;
			buildActionMask = 2147483647;
			files = (
			);
			runOnlyForDeploymentPostprocessing = 0;
		};
/* End PBXFrameworksBuildPhase section */

/* Begin PBXGroup section */
		4975A0F91BFA9B5500DE04B8 = {
			isa = PBXGroup;
			children = (
				4975A1041BFA9B5500DE04B8 /* Inventory */,
				4975A11A1BFA9B5500DE04B8 /* InventoryTests */,
				4975A1031BFA9B5500DE04B8 /* Products */,
			);
			sourceTree = "<group>";
		};
		4975A1031BFA9B5500DE04B8 /* Products */ = {
			isa = PBXGroup;
			children = (
				4975A1021BFA9B5500DE04B8 /* Inventory.app */,
				4975A1171BFA9B5500DE04B8 /* InventoryTests.xctest */,
			);
			name = Products;
			sourceTree = "<group>";
		};
		4975A1041BFA9B5500DE04B8 /* Inventory */ = {
			isa = PBXGroup;
			children = (
				4975A1071BFA9B5500DE04B8 /* AppDelegate.swift */,
				4975A1091BFA9B5500DE04B8 /* ViewController.swift */,
				4975A10B1BFA9B5500DE04B8 /* Main.storyboard */,
				4975A10E1BFA9B5500DE04B8 /* Images.xcassets */,
				4975A1101BFA9B5500DE04B8 /* LaunchScreen.xib */,
				4975A1051BFA9B5500DE04B8 /* Supporting Files */,
			);
			path = Inventory;
			sourceTree = "<group>";
		};
		4975A1051BFA9B5500DE04B8 /* Supporting Files */ = {
			isa = PBXGroup;
			children = (
				4975A1061BFA9B5500DE04B8 /* Info.plist */,
			);
			name = "Supporting Files";
			sourceTree = "<group>";
		};
		4975A11A1BFA9B5500DE04B8 /* InventoryTests */ = {
			isa = PBXGroup;
			children = (
				4975A11D1BFA9B5500DE04B8 /* InventoryTests.swift */,
				4975A11B1BFA9B5500DE04B8 /* Supporting Files */,
			);
			path = InventoryTests;
			sourceTree = "<group>";
		};
		4975A11B1BFA9B5500DE04B8 /* Supporting Files */ = {
			isa = PBXGroup;
			children = (
				4975A11C1BFA9B5500DE04B8 /* Info.plist */,
			);
			name = "Supporting Files";
			sourceTree = "<group>";
		};
/* End PBXGroup section */

/* Begin PBXNativeTarget section */
		4975A1011BFA9B5500DE04B8 /* Inventory */ = {
			isa = PBXNativeTarget;
			buildConfigurationList = 4975A1211BFA9B5500DE04B8 /* Build configuration list for PBXNativeTarget "Inventory" */;
			buildPhases = (
				4975A0FE1BFA9B5500DE04B8 /* Sources */,
				4975A0FF1BFA9B5500DE04B8 /* Frameworks */,
				4975A1001BFA9B5500DE04B8 /* Resources */,
			);
			buildRules = (
			);
			dependencies = (
			);
			name = Inventory;
			productName = Inventory;
			productReference = 4975A1021BFA9B5500DE04B8 /* Inventory.app */;
			productType = "com.apple.product-type.application";
		};
		4975A1161BFA9B5500DE04B8 /* InventoryTests */ = {
			isa = PBXNativeTarget;
			buildConfigurationList = 4975A1241BFA9B5500DE04B8 /* Build configuration list for PBXNativeTarget "InventoryTests" */;
			buildPhases = (
				4975A1131BFA9B5500DE04B8 /* Sources */,
				4975A1141BFA9B5500DE04B8 /* Frameworks */,
				4975A1151BFA9B5500DE04B8 /* Resources */,
			);
			buildRules = (
			);
			dependencies = (
				4975A1191BFA9B5500DE04B8 /* PBXTargetDependency */,
			);
			name = InventoryTests;
			productName = InventoryTests;
			productReference = 4975A1171BFA9B5500DE04B8 /* InventoryTests.xctest */;
			productType = "com.apple.product-type.bundle.unit-test";
		};
/* End PBXNativeTarget section */

/* Begin PBXProject section */
		4975A0FA1BFA9B5500DE04B8 /* Project object */ = {
			isa = PBXProject;
			attributes = {
				LastUpgradeCheck = 0630;
				ORGANIZATIONNAME = rachelrockaway;
				TargetAttributes = {
					4975A1011BFA9B5500DE04B8 = {
						CreatedOnToolsVersion = 6.3.1;
					};
					4975A1161BFA9B5500DE04B8 = {
						CreatedOnToolsVersion = 6.3.1;
						TestTargetID = 4975A1011BFA9B5500DE04B8;
					};
				};
			};
			buildConfigurationList = 4975A0FD1BFA9B5500DE04B8 /* Build configuration list for PBXProject "Inventory" */;
			compatibilityVersion = "Xcode 3.2";
			developmentRegion = English;
			hasScannedForEncodings = 0;
			knownRegions = (
				en,
				Base,
			);
			mainGroup = 4975A0F91BFA9B5500DE04B8;
			productRefGroup = 4975A1031BFA9B5500DE04B8 /* Products */;
			projectDirPath = "";
			projectRoot = "";
			targets = (
				4975A1011BFA9B5500DE04B8 /* Inventory */,
				4975A1161BFA9B5500DE04B8 /* InventoryTests */,
			);
		};
/* End PBXProject section */

/* Begin PBXResourcesBuildPhase section */
		4975A1001BFA9B5500DE04B8 /* Resources */ = {
			isa = PBXResourcesBuildPhase;
			buildActionMask = 2147483647;
			files = (
				4975A10D1BFA9B5500DE04B8 /* Main.storyboard in Resources */,
				4975A1121BFA9B5500DE04B8 /* LaunchScreen.xib in Resources */,
				4975A10F1BFA9B5500DE04B8 /* Images.xcassets in Resources */,
			);
			runOnlyForDeploymentPostprocessing = 0;
		};
		4975A1151BFA9B5500DE04B8 /* Resources */ = {
			isa = PBXResourcesBuildPhase;
			buildActionMask = 2147483647;
			files = (
			);
			runOnlyForDeploymentPostprocessing = 0;
		};
/* End PBXResourcesBuildPhase section */

/* Begin PBXSourcesBuildPhase section */
		4975A0FE1BFA9B5500DE04B8 /* Sources */ = {
			isa = PBXSourcesBuildPhase;
			buildActionMask = 2147483647;
			files = (
				4975A10A1BFA9B5500DE04B8 /* ViewController.swift in Sources */,
				4975A1081BFA9B5500DE04B8 /* AppDelegate.swift in Sources */,
			);
			runOnlyForDeploymentPostprocessing = 0;
		};
		4975A1131BFA9B5500DE04B8 /* Sources */ = {
			isa = PBXSourcesBuildPhase;
			buildActionMask = 2147483647;
			files = (
				4975A11E1BFA9B5500DE04B8 /* InventoryTests.swift in Sources */,
			);
			runOnlyForDeploymentPostprocessing = 0;
		};
/* End PBXSourcesBuildPhase section */

/* Begin PBXTargetDependency section */
		4975A1191BFA9B5500DE04B8 /* PBXTargetDependency */ = {
			isa = PBXTargetDependency;
			target = 4975A1011BFA9B5500DE04B8 /* Inventory */;
			targetProxy = 4975A1181BFA9B5500DE04B8 /* PBXContainerItemProxy */;
		};
/* End PBXTargetDependency section */

/* Begin PBXVariantGroup section */
		4975A10B1BFA9B5500DE04B8 /* Main.storyboard */ = {
			isa = PBXVariantGroup;
			children = (
				4975A10C1BFA9B5500DE04B8 /* Base */,
			);
			name = Main.storyboard;
			sourceTree = "<group>";
		};
		4975A1101BFA9B5500DE04B8 /* LaunchScreen.xib */ = {
			isa = PBXVariantGroup;
			children = (
				4975A1111BFA9B5500DE04B8 /* Base */,
			);
			name = LaunchScreen.xib;
			sourceTree = "<group>";
		};
/* End PBXVariantGroup section */

/* Begin XCBuildConfiguration section */
		4975A11F1BFA9B5500DE04B8 /* Debug */ = {
			isa = XCBuildConfiguration;
			buildSettings = {
				ALWAYS_SEARCH_USER_PATHS = NO;
				CLANG_CXX_LANGUAGE_STANDARD = "gnu++0x";
				CLANG_CXX_LIBRARY = "libc++";
				CLANG_ENABLE_MODULES = YES;
				CLANG_ENABLE_OBJC_ARC = YES;
				CLANG_WARN_BOOL_CONVERSION = YES;
				CLANG_WARN_CONSTANT_CONVERSION = YES;
				CLANG_WARN_DIRECT_OBJC_ISA_USAGE = YES_ERROR;
				CLANG_WARN_EMPTY_BODY = YES;
				CLANG_WARN_ENUM_CONVERSION = YES;
				CLANG_WARN_INT_CONVERSION = YES;
				CLANG_WARN_OBJC_ROOT_CLASS = YES_ERROR;
				CLANG_WARN_UNREACHABLE_CODE = YES;
				CLANG_WARN__DUPLICATE_METHOD_MATCH = YES;
				"CODE_SIGN_IDENTITY[sdk=iphoneos*]" = "iPhone Developer";
				COPY_PHASE_STRIP = NO;
				DEBUG_INFORMATION_FORMAT = "dwarf-with-dsym";
				ENABLE_STRICT_OBJC_MSGSEND = YES;
				GCC_C_LANGUAGE_STANDARD = gnu99;
				GCC_DYNAMIC_NO_PIC = NO;
				GCC_NO_COMMON_BLOCKS = YES;
				GCC_OPTIMIZATION_LEVEL = 0;
				GCC_PREPROCESSOR_DEFINITIONS = (
					"DEBUG=1",
					"$(inherited)",
				);
				GCC_SYMBOLS_PRIVATE_EXTERN = NO;
				GCC_WARN_64_TO_32_BIT_CONVERSION = YES;
				GCC_WARN_ABOUT_RETURN_TYPE = YES_ERROR;
				GCC_WARN_UNDECLARED_SELECTOR = YES;
				GCC_WARN_UNINITIALIZED_AUTOS = YES_AGGRESSIVE;
				GCC_WARN_UNUSED_FUNCTION = YES;
				GCC_WARN_UNUSED_VARIABLE = YES;
				IPHONEOS_DEPLOYMENT_TARGET = 8.3;
				MTL_ENABLE_DEBUG_INFO = YES;
				ONLY_ACTIVE_ARCH = YES;
				SDKROOT = iphoneos;
				SWIFT_OPTIMIZATION_LEVEL = "-Onone";
			};
			name = Debug;
		};
		4975A1201BFA9B5500DE04B8 /* Release */ = {
			isa = XCBuildConfiguration;
			buildSettings = {
				ALWAYS_SEARCH_USER_PATHS = NO;
				CLANG_CXX_LANGUAGE_STANDARD = "gnu++0x";
				CLANG_CXX_LIBRARY = "libc++";
				CLANG_ENABLE_MODULES = YES;
				CLANG_ENABLE_OBJC_ARC = YES;
				CLANG_WARN_BOOL_CONVERSION = YES;
				CLANG_WARN_CONSTANT_CONVERSION = YES;
				CLANG_WARN_DIRECT_OBJC_ISA_USAGE = YES_ERROR;
				CLANG_WARN_EMPTY_BODY = YES;
				CLANG_WARN_ENUM_CONVERSION = YES;
				CLANG_WARN_INT_CONVERSION = YES;
				CLANG_WARN_OBJC_ROOT_CLASS = YES_ERROR;
				CLANG_WARN_UNREACHABLE_CODE = YES;
				CLANG_WARN__DUPLICATE_METHOD_MATCH = YES;
				"CODE_SIGN_IDENTITY[sdk=iphoneos*]" = "iPhone Developer";
				COPY_PHASE_STRIP = NO;
				DEBUG_INFORMATION_FORMAT = "dwarf-with-dsym";
				ENABLE_NS_ASSERTIONS = NO;
				ENABLE_STRICT_OBJC_MSGSEND = YES;
				GCC_C_LANGUAGE_STANDARD = gnu99;
				GCC_NO_COMMON_BLOCKS = YES;
				GCC_WARN_64_TO_32_BIT_CONVERSION = YES;
				GCC_WARN_ABOUT_RETURN_TYPE = YES_ERROR;
				GCC_WARN_UNDECLARED_SELECTOR = YES;
				GCC_WARN_UNINITIALIZED_AUTOS = YES_AGGRESSIVE;
				GCC_WARN_UNUSED_FUNCTION = YES;
				GCC_WARN_UNUSED_VARIABLE = YES;
				IPHONEOS_DEPLOYMENT_TARGET = 8.3;
				MTL_ENABLE_DEBUG_INFO = NO;
				SDKROOT = iphoneos;
				VALIDATE_PRODUCT = YES;
			};
			name = Release;
		};
		4975A1221BFA9B5500DE04B8 /* Debug */ = {
			isa = XCBuildConfiguration;
			buildSettings = {
				ASSETCATALOG_COMPILER_APPICON_NAME = AppIcon;
				INFOPLIST_FILE = Inventory/Info.plist;
				LD_RUNPATH_SEARCH_PATHS = "$(inherited) @executable_path/Frameworks";
				PRODUCT_NAME = "$(TARGET_NAME)";
			};
			name = Debug;
		};
		4975A1231BFA9B5500DE04B8 /* Release */ = {
			isa = XCBuildConfiguration;
			buildSettings = {
				ASSETCATALOG_COMPILER_APPICON_NAME = AppIcon;
				INFOPLIST_FILE = Inventory/Info.plist;
				LD_RUNPATH_SEARCH_PATHS = "$(inherited) @executable_path/Frameworks";
				PRODUCT_NAME = "$(TARGET_NAME)";
			};
			name = Release;
		};
		4975A1251BFA9B5500DE04B8 /* Debug */ = {
			isa = XCBuildConfiguration;
			buildSettings = {
				BUNDLE_LOADER = "$(TEST_HOST)";
				FRAMEWORK_SEARCH_PATHS = (
					"$(SDKROOT)/Developer/Library/Frameworks",
					"$(inherited)",
				);
				GCC_PREPROCESSOR_DEFINITIONS = (
					"DEBUG=1",
					"$(inherited)",
				);
				INFOPLIST_FILE = InventoryTests/Info.plist;
				LD_RUNPATH_SEARCH_PATHS = "$(inherited) @executable_path/Frameworks @loader_path/Frameworks";
				PRODUCT_NAME = "$(TARGET_NAME)";
				TEST_HOST = "$(BUILT_PRODUCTS_DIR)/Inventory.app/Inventory";
			};
			name = Debug;
		};
		4975A1261BFA9B5500DE04B8 /* Release */ = {
			isa = XCBuildConfiguration;
			buildSettings = {
				BUNDLE_LOADER = "$(TEST_HOST)";
				FRAMEWORK_SEARCH_PATHS = (
					"$(SDKROOT)/Developer/Library/Frameworks",
					"$(inherited)",
				);
				INFOPLIST_FILE = InventoryTests/Info.plist;
				LD_RUNPATH_SEARCH_PATHS = "$(inherited) @executable_path/Frameworks @loader_path/Frameworks";
				PRODUCT_NAME = "$(TARGET_NAME)";
				TEST_HOST = "$(BUILT_PRODUCTS_DIR)/Inventory.app/Inventory";
			};
			name = Release;
		};
/* End XCBuildConfiguration section */

/* Begin XCConfigurationList section */
		4975A0FD1BFA9B5500DE04B8 /* Build configuration list for PBXProject "Inventory" */ = {
			isa = XCConfigurationList;
			buildConfigurations = (
				4975A11F1BFA9B5500DE04B8 /* Debug */,
				4975A1201BFA9B5500DE04B8 /* Release */,
			);
			defaultConfigurationIsVisible = 0;
			defaultConfigurationName = Release;
		};
		4975A1211BFA9B5500DE04B8 /* Build configuration list for PBXNativeTarget "Inventory" */ = {
			isa = XCConfigurationList;
			buildConfigurations = (
				4975A1221BFA9B5500DE04B8 /* Debug */,
				4975A1231BFA9B5500DE04B8 /* Release */,
			);
			defaultConfigurationIsVisible = 0;
		};
		4975A1241BFA9B5500DE04B8 /* Build configuration list for PBXNativeTarget "InventoryTests" */ = {
			isa = XCConfigurationList;
			buildConfigurations = (
				4975A1251BFA9B5500DE04B8 /* Debug */,
				4975A1261BFA9B5500DE04B8 /* Release */,
			);
			defaultConfigurationIsVisible = 0;
		};
/* End XCConfigurationList section */
	};
	rootObject = 4975A0FA1BFA9B5500DE04B8 /* Project object */;
}
